
Microsoft Visual Studio Solution File, Format Version 12.00
# Visual Studio Version 17
VisualStudioVersion = 17.6.33815.320
MinimumVisualStudioVersion = 10.0.40219.1
Project("{FAE04EC0-301F-11D3-BF4B-00C04F79EFBC}") = "FindMax", "FindMax.csproj", "{535EFBE2-EB97-41CA-86AC-AB1CDADE8BD1}"
EndProject
Global
	GlobalSection(SolutionConfigurationPlatforms) = preSolution
		Debug|Any CPU = Debug|Any CPU
		Release|Any CPU = Release|Any CPU
	EndGlobalSection
	GlobalSection(ProjectConfigurationPlatforms) = postSolution
		{535EFBE2-EB97-41CA-86AC-AB1CDADE8BD1}.Debug|Any CPU.ActiveCfg = Debug|Any CPU
		{535EFBE2-EB97-41CA-86AC-AB1CDADE8BD1}.Debug|Any CPU.Build.0 = Debug|Any CPU
		{535EFBE2-EB97-41CA-86AC-AB1CDADE8BD1}.Release|Any CPU.ActiveCfg = Release|Any CPU
		{535EFBE2-EB97-41CA-86AC-AB1CDADE8BD1}.Release|Any CPU.Build.0 = Release|Any CPU
	EndGlobalSection
	GlobalSection(SolutionProperties) = preSolution
		HideSolutionNode = FALSE
	EndGlobalSection
	GlobalSection(ExtensibilityGlobals) = postSolution
		SolutionGuid = {5D694BA4-BEDD-4521-B1FF-FB6C41C963CD}
	EndGlobalSection
EndGlobal
